
Microsoft Visual Studio Solution File, Format Version 12.00
Project("{FAE04EC0-301F-11D3-BF4B-00C04F79EFBC}") = "datos_meteorologicos", "datos_meteorologicos\datos_meteorologicos.csproj", "{264FAA68-81DC-47F0-AAAD-C3F0FD916E58}"
EndProject
Global
	GlobalSection(SolutionConfigurationPlatforms) = preSolution
		Debug|Any CPU = Debug|Any CPU
		Release|Any CPU = Release|Any CPU
	EndGlobalSection
	GlobalSection(ProjectConfigurationPlatforms) = postSolution
		{264FAA68-81DC-47F0-AAAD-C3F0FD916E58}.Debug|Any CPU.ActiveCfg = Debug|Any CPU
		{264FAA68-81DC-47F0-AAAD-C3F0FD916E58}.Debug|Any CPU.Build.0 = Debug|Any CPU
		{264FAA68-81DC-47F0-AAAD-C3F0FD916E58}.Release|Any CPU.ActiveCfg = Release|Any CPU
		{264FAA68-81DC-47F0-AAAD-C3F0FD916E58}.Release|Any CPU.Build.0 = Release|Any CPU
	EndGlobalSection
EndGlobal
